
Microsoft Visual Studio Solution File, Format Version 11.00
# Visual Studio 2010
Project("{E24C65DC-7377-472B-9ABA-BC803B73C61A}") = "js-signals-logger", ".", "{852082DD-7013-43E4-82E2-31D0EA6C1509}"
	ProjectSection(WebsiteProperties) = preProject
		TargetFrameworkMoniker = ".NETFramework,Version%3Dv4.0"
		Debug.AspNetCompiler.VirtualPath = "/js-signals-logger"
		Debug.AspNetCompiler.PhysicalPath = "..\js-signals-logger\"
		Debug.AspNetCompiler.TargetPath = "PrecompiledWeb\js-signals-logger\"
		Debug.AspNetCompiler.Updateable = "true"
		Debug.AspNetCompiler.ForceOverwrite = "true"
		Debug.AspNetCompiler.FixedNames = "false"
		Debug.AspNetCompiler.Debug = "True"
		Release.AspNetCompiler.VirtualPath = "/js-signals-logger"
		Release.AspNetCompiler.PhysicalPath = "..\js-signals-logger\"
		Release.AspNetCompiler.TargetPath = "PrecompiledWeb\js-signals-logger\"
		Release.AspNetCompiler.Updateable = "true"
		Release.AspNetCompiler.ForceOverwrite = "true"
		Release.AspNetCompiler.FixedNames = "false"
		Release.AspNetCompiler.Debug = "False"
		VWDPort = "65460"
	EndProjectSection
EndProject
Global
	GlobalSection(SolutionConfigurationPlatforms) = preSolution
		Debug|Any CPU = Debug|Any CPU
	EndGlobalSection
	GlobalSection(ProjectConfigurationPlatforms) = postSolution
		{852082DD-7013-43E4-82E2-31D0EA6C1509}.Debug|Any CPU.ActiveCfg = Debug|Any CPU
		{852082DD-7013-43E4-82E2-31D0EA6C1509}.Debug|Any CPU.Build.0 = Debug|Any CPU
	EndGlobalSection
	GlobalSection(SolutionProperties) = preSolution
		HideSolutionNode = FALSE
	EndGlobalSection
EndGlobal
